
Microsoft Visual Studio Solution File, Format Version 12.00
# Visual Studio Version 17
VisualStudioVersion = 17.4.33110.190
MinimumVisualStudioVersion = 10.0.40219.1
Project("{FAE04EC0-301F-11D3-BF4B-00C04F79EFBC}") = "Timerzyanov_Glazki", "Timerzyanov_Glazki\Timerzyanov_Glazki.csproj", "{B72BA0F3-38C8-47A9-B122-7BDF849F5C14}"
EndProject
Global
	GlobalSection(SolutionConfigurationPlatforms) = preSolution
		Debug|Any CPU = Debug|Any CPU
		Release|Any CPU = Release|Any CPU
	EndGlobalSection
	GlobalSection(ProjectConfigurationPlatforms) = postSolution
		{B72BA0F3-38C8-47A9-B122-7BDF849F5C14}.Debug|Any CPU.ActiveCfg = Debug|Any CPU
		{B72BA0F3-38C8-47A9-B122-7BDF849F5C14}.Debug|Any CPU.Build.0 = Debug|Any CPU
		{B72BA0F3-38C8-47A9-B122-7BDF849F5C14}.Release|Any CPU.ActiveCfg = Release|Any CPU
		{B72BA0F3-38C8-47A9-B122-7BDF849F5C14}.Release|Any CPU.Build.0 = Release|Any CPU
	EndGlobalSection
	GlobalSection(SolutionProperties) = preSolution
		HideSolutionNode = FALSE
	EndGlobalSection
	GlobalSection(ExtensibilityGlobals) = postSolution
		SolutionGuid = {DD3B9886-A6C4-4DB7-9BDB-6AE228AE9C6D}
	EndGlobalSection
EndGlobal
